// !$*UTF8*$!
{
	archiveVersion = 1;
	classes = {
	};
	objectVersion = 51;
	objects = {

/* Begin PBXBuildFile section */
		1ADD2D0924B6B0460095F27B /* AppDelegate.swift in Sources */ = {isa = PBXBuildFile; fileRef = 1ADD2D0824B6B0460095F27B /* AppDelegate.swift */; };
		1ADD2D1024B6B0460095F27B /* Main.storyboard in Resources */ = {isa = PBXBuildFile; fileRef = 1ADD2D0E24B6B0460095F27B /* Main.storyboard */; };
		1ADD2D1224B6B0490095F27B /* Assets.xcassets in Resources */ = {isa = PBXBuildFile; fileRef = 1ADD2D1124B6B0490095F27B /* Assets.xcassets */; };
		1ADD2D1524B6B0490095F27B /* LaunchScreen.storyboard in Resources */ = {isa = PBXBuildFile; fileRef = 1ADD2D1324B6B0490095F27B /* LaunchScreen.storyboard */; };
		1ADD2D2024B6B0490095F27B /* DeliveryTests.swift in Sources */ = {isa = PBXBuildFile; fileRef = 1ADD2D1F24B6B0490095F27B /* DeliveryTests.swift */; };
		1ADD2D2B24B6B0490095F27B /* DeliveryUITests.swift in Sources */ = {isa = PBXBuildFile; fileRef = 1ADD2D2A24B6B0490095F27B /* DeliveryUITests.swift */; };
		1ADD2D3E24B6B9800095F27B /* Venue.swift in Sources */ = {isa = PBXBuildFile; fileRef = 1ADD2D3D24B6B9800095F27B /* Venue.swift */; };
		1ADD2D4024B6C55B0095F27B /* VenueListController.swift in Sources */ = {isa = PBXBuildFile; fileRef = 1ADD2D3F24B6C55B0095F27B /* VenueListController.swift */; };
		1ADD2D4224B6C69E0095F27B /* VenueManager.swift in Sources */ = {isa = PBXBuildFile; fileRef = 1ADD2D4124B6C69E0095F27B /* VenueManager.swift */; };
		1ADD2D4424B6C9050095F27B /* LocationManager.swift in Sources */ = {isa = PBXBuildFile; fileRef = 1ADD2D4324B6C9050095F27B /* LocationManager.swift */; };
		1ADD2D4724B6D70D0095F27B /* VenueViewModel.swift in Sources */ = {isa = PBXBuildFile; fileRef = 1ADD2D4624B6D70D0095F27B /* VenueViewModel.swift */; };
		1ADD2D4924B6DD640095F27B /* VenueCell.swift in Sources */ = {isa = PBXBuildFile; fileRef = 1ADD2D4824B6DD640095F27B /* VenueCell.swift */; };
		45DCFD293D651A197EE73769 /* Pods_DeliveryTests.framework in Frameworks */ = {isa = PBXBuildFile; fileRef = 809F9D71253D2A8D0B1E5034 /* Pods_DeliveryTests.framework */; };
		720891AB481A1C0D1FF55871 /* Pods_Delivery.framework in Frameworks */ = {isa = PBXBuildFile; fileRef = 2128CE257E83CB8A3E368F2B /* Pods_Delivery.framework */; };
		D3966A9EF679264C4E6BF6F2 /* Pods_Delivery_DeliveryUITests.framework in Frameworks */ = {isa = PBXBuildFile; fileRef = CA5CBCA4039304F8D9C922FA /* Pods_Delivery_DeliveryUITests.framework */; };
/* End PBXBuildFile section */

/* Begin PBXContainerItemProxy section */
		1ADD2D1C24B6B0490095F27B /* PBXContainerItemProxy */ = {
			isa = PBXContainerItemProxy;
			containerPortal = 1ADD2CFD24B6B0460095F27B /* Project object */;
			proxyType = 1;
			remoteGlobalIDString = 1ADD2D0424B6B0460095F27B;
			remoteInfo = Delivery;
		};
		1ADD2D2724B6B0490095F27B /* PBXContainerItemProxy */ = {
			isa = PBXContainerItemProxy;
			containerPortal = 1ADD2CFD24B6B0460095F27B /* Project object */;
			proxyType = 1;
			remoteGlobalIDString = 1ADD2D0424B6B0460095F27B;
			remoteInfo = Delivery;
		};
/* End PBXContainerItemProxy section */

/* Begin PBXFileReference section */
		1ADD2D0524B6B0460095F27B /* Delivery.app */ = {isa = PBXFileReference; explicitFileType = wrapper.application; includeInIndex = 0; path = Delivery.app; sourceTree = BUILT_PRODUCTS_DIR; };
		1ADD2D0824B6B0460095F27B /* AppDelegate.swift */ = {isa = PBXFileReference; lastKnownFileType = sourcecode.swift; path = AppDelegate.swift; sourceTree = "<group>"; };
		1ADD2D0F24B6B0460095F27B /* Base */ = {isa = PBXFileReference; lastKnownFileType = file.storyboard; name = Base; path = Base.lproj/Main.storyboard; sourceTree = "<group>"; };
		1ADD2D1124B6B0490095F27B /* Assets.xcassets */ = {isa = PBXFileReference; lastKnownFileType = folder.assetcatalog; path = Assets.xcassets; sourceTree = "<group>"; };
		1ADD2D1424B6B0490095F27B /* Base */ = {isa = PBXFileReference; lastKnownFileType = file.storyboard; name = Base; path = Base.lproj/LaunchScreen.storyboard; sourceTree = "<group>"; };
		1ADD2D1624B6B0490095F27B /* Info.plist */ = {isa = PBXFileReference; lastKnownFileType = text.plist.xml; path = Info.plist; sourceTree = "<group>"; };
		1ADD2D1B24B6B0490095F27B /* DeliveryTests.xctest */ = {isa = PBXFileReference; explicitFileType = wrapper.cfbundle; includeInIndex = 0; path = DeliveryTests.xctest; sourceTree = BUILT_PRODUCTS_DIR; };
		1ADD2D1F24B6B0490095F27B /* DeliveryTests.swift */ = {isa = PBXFileReference; lastKnownFileType = sourcecode.swift; path = DeliveryTests.swift; sourceTree = "<group>"; };
		1ADD2D2124B6B0490095F27B /* Info.plist */ = {isa = PBXFileReference; lastKnownFileType = text.plist.xml; path = Info.plist; sourceTree = "<group>"; };
		1ADD2D2624B6B0490095F27B /* DeliveryUITests.xctest */ = {isa = PBXFileReference; explicitFileType = wrapper.cfbundle; includeInIndex = 0; path = DeliveryUITests.xctest; sourceTree = BUILT_PRODUCTS_DIR; };
		1ADD2D2A24B6B0490095F27B /* DeliveryUITests.swift */ = {isa = PBXFileReference; lastKnownFileType = sourcecode.swift; path = DeliveryUITests.swift; sourceTree = "<group>"; };
		1ADD2D2C24B6B0490095F27B /* Info.plist */ = {isa = PBXFileReference; lastKnownFileType = text.plist.xml; path = Info.plist; sourceTree = "<group>"; };
		1ADD2D3D24B6B9800095F27B /* Venue.swift */ = {isa = PBXFileReference; lastKnownFileType = sourcecode.swift; path = Venue.swift; sourceTree = "<group>"; };
		1ADD2D3F24B6C55B0095F27B /* VenueListController.swift */ = {isa = PBXFileReference; lastKnownFileType = sourcecode.swift; path = VenueListController.swift; sourceTree = "<group>"; };
		1ADD2D4124B6C69E0095F27B /* VenueManager.swift */ = {isa = PBXFileReference; lastKnownFileType = sourcecode.swift; path = VenueManager.swift; sourceTree = "<group>"; };
		1ADD2D4324B6C9050095F27B /* LocationManager.swift */ = {isa = PBXFileReference; lastKnownFileType = sourcecode.swift; path = LocationManager.swift; sourceTree = "<group>"; };
		1ADD2D4624B6D70D0095F27B /* VenueViewModel.swift */ = {isa = PBXFileReference; lastKnownFileType = sourcecode.swift; path = VenueViewModel.swift; sourceTree = "<group>"; };
		1ADD2D4824B6DD640095F27B /* VenueCell.swift */ = {isa = PBXFileReference; lastKnownFileType = sourcecode.swift; path = VenueCell.swift; sourceTree = "<group>"; };
		2128CE257E83CB8A3E368F2B /* Pods_Delivery.framework */ = {isa = PBXFileReference; explicitFileType = wrapper.framework; includeInIndex = 0; path = Pods_Delivery.framework; sourceTree = BUILT_PRODUCTS_DIR; };
		3CFC851B87A859E686109FBA /* Pods-DeliveryTests.debug.xcconfig */ = {isa = PBXFileReference; includeInIndex = 1; lastKnownFileType = text.xcconfig; name = "Pods-DeliveryTests.debug.xcconfig"; path = "Target Support Files/Pods-DeliveryTests/Pods-DeliveryTests.debug.xcconfig"; sourceTree = "<group>"; };
		4113A0DC8BF48A821BA7A032 /* Pods-Delivery.release.xcconfig */ = {isa = PBXFileReference; includeInIndex = 1; lastKnownFileType = text.xcconfig; name = "Pods-Delivery.release.xcconfig"; path = "Target Support Files/Pods-Delivery/Pods-Delivery.release.xcconfig"; sourceTree = "<group>"; };
		5DCF2843B59A1D6FCA248BEC /* Pods-Delivery.debug.xcconfig */ = {isa = PBXFileReference; includeInIndex = 1; lastKnownFileType = text.xcconfig; name = "Pods-Delivery.debug.xcconfig"; path = "Target Support Files/Pods-Delivery/Pods-Delivery.debug.xcconfig"; sourceTree = "<group>"; };
		749334EF5117A796F29522D2 /* Pods-Delivery-DeliveryUITests.debug.xcconfig */ = {isa = PBXFileReference; includeInIndex = 1; lastKnownFileType = text.xcconfig; name = "Pods-Delivery-DeliveryUITests.debug.xcconfig"; path = "Target Support Files/Pods-Delivery-DeliveryUITests/Pods-Delivery-DeliveryUITests.debug.xcconfig"; sourceTree = "<group>"; };
		809F9D71253D2A8D0B1E5034 /* Pods_DeliveryTests.framework */ = {isa = PBXFileReference; explicitFileType = wrapper.framework; includeInIndex = 0; path = Pods_DeliveryTests.framework; sourceTree = BUILT_PRODUCTS_DIR; };
		B78816B7D1BFAD557BAA56CC /* Pods-Delivery-DeliveryUITests.release.xcconfig */ = {isa = PBXFileReference; includeInIndex = 1; lastKnownFileType = text.xcconfig; name = "Pods-Delivery-DeliveryUITests.release.xcconfig"; path = "Target Support Files/Pods-Delivery-DeliveryUITests/Pods-Delivery-DeliveryUITests.release.xcconfig"; sourceTree = "<group>"; };
		CA5CBCA4039304F8D9C922FA /* Pods_Delivery_DeliveryUITests.framework */ = {isa = PBXFileReference; explicitFileType = wrapper.framework; includeInIndex = 0; path = Pods_Delivery_DeliveryUITests.framework; sourceTree = BUILT_PRODUCTS_DIR; };
		E41D9B3BB70B8EEED066A05F /* Pods-DeliveryTests.release.xcconfig */ = {isa = PBXFileReference; includeInIndex = 1; lastKnownFileType = text.xcconfig; name = "Pods-DeliveryTests.release.xcconfig"; path = "Target Support Files/Pods-DeliveryTests/Pods-DeliveryTests.release.xcconfig"; sourceTree = "<group>"; };
/* End PBXFileReference section */

/* Begin PBXFrameworksBuildPhase section */
		1ADD2D0224B6B0460095F27B /* Frameworks */ = {
			isa = PBXFrameworksBuildPhase;
			buildActionMask = 2147483647;
			files = (
				720891AB481A1C0D1FF55871 /* Pods_Delivery.framework in Frameworks */,
			);
			runOnlyForDeploymentPostprocessing = 0;
		};
		1ADD2D1824B6B0490095F27B /* Frameworks */ = {
			isa = PBXFrameworksBuildPhase;
			buildActionMask = 2147483647;
			files = (
				45DCFD293D651A197EE73769 /* Pods_DeliveryTests.framework in Frameworks */,
			);
			runOnlyForDeploymentPostprocessing = 0;
		};
		1ADD2D2324B6B0490095F27B /* Frameworks */ = {
			isa = PBXFrameworksBuildPhase;
			buildActionMask = 2147483647;
			files = (
				D3966A9EF679264C4E6BF6F2 /* Pods_Delivery_DeliveryUITests.framework in Frameworks */,
			);
			runOnlyForDeploymentPostprocessing = 0;
		};
/* End PBXFrameworksBuildPhase section */

/* Begin PBXGroup section */
		1ADD2CFC24B6B0460095F27B = {
			isa = PBXGroup;
			children = (
				1ADD2D0724B6B0460095F27B /* Delivery */,
				1ADD2D1E24B6B0490095F27B /* DeliveryTests */,
				1ADD2D2924B6B0490095F27B /* DeliveryUITests */,
				1ADD2D0624B6B0460095F27B /* Products */,
				8D09DA70DADD930FC7E7CC29 /* Pods */,
				B852DE059BEF25722D8D53A0 /* Frameworks */,
			);
			sourceTree = "<group>";
		};
		1ADD2D0624B6B0460095F27B /* Products */ = {
			isa = PBXGroup;
			children = (
				1ADD2D0524B6B0460095F27B /* Delivery.app */,
				1ADD2D1B24B6B0490095F27B /* DeliveryTests.xctest */,
				1ADD2D2624B6B0490095F27B /* DeliveryUITests.xctest */,
			);
			name = Products;
			sourceTree = "<group>";
		};
		1ADD2D0724B6B0460095F27B /* Delivery */ = {
			isa = PBXGroup;
			children = (
				1ADD2D3A24B6B17E0095F27B /* Controllers */,
				1ADD2D3924B6B17A0095F27B /* Views */,
				1ADD2D3824B6B16D0095F27B /* Models */,
				1ADD2D0824B6B0460095F27B /* AppDelegate.swift */,
				1ADD2D0E24B6B0460095F27B /* Main.storyboard */,
				1ADD2D1124B6B0490095F27B /* Assets.xcassets */,
				1ADD2D1324B6B0490095F27B /* LaunchScreen.storyboard */,
				1ADD2D1624B6B0490095F27B /* Info.plist */,
			);
			path = Delivery;
			sourceTree = "<group>";
		};
		1ADD2D1E24B6B0490095F27B /* DeliveryTests */ = {
			isa = PBXGroup;
			children = (
				1ADD2D1F24B6B0490095F27B /* DeliveryTests.swift */,
				1ADD2D2124B6B0490095F27B /* Info.plist */,
			);
			path = DeliveryTests;
			sourceTree = "<group>";
		};
		1ADD2D2924B6B0490095F27B /* DeliveryUITests */ = {
			isa = PBXGroup;
			children = (
				1ADD2D2A24B6B0490095F27B /* DeliveryUITests.swift */,
				1ADD2D2C24B6B0490095F27B /* Info.plist */,
			);
			path = DeliveryUITests;
			sourceTree = "<group>";
		};
		1ADD2D3824B6B16D0095F27B /* Models */ = {
			isa = PBXGroup;
			children = (
				1ADD2D3D24B6B9800095F27B /* Venue.swift */,
				1ADD2D4624B6D70D0095F27B /* VenueViewModel.swift */,
				1ADD2D4124B6C69E0095F27B /* VenueManager.swift */,
				1ADD2D4324B6C9050095F27B /* LocationManager.swift */,
			);
			path = Models;
			sourceTree = "<group>";
		};
		1ADD2D3924B6B17A0095F27B /* Views */ = {
			isa = PBXGroup;
			children = (
				1ADD2D4824B6DD640095F27B /* VenueCell.swift */,
			);
			path = Views;
			sourceTree = "<group>";
		};
		1ADD2D3A24B6B17E0095F27B /* Controllers */ = {
			isa = PBXGroup;
			children = (
				1ADD2D3F24B6C55B0095F27B /* VenueListController.swift */,
			);
			path = Controllers;
			sourceTree = "<group>";
		};
		8D09DA70DADD930FC7E7CC29 /* Pods */ = {
			isa = PBXGroup;
			children = (
				5DCF2843B59A1D6FCA248BEC /* Pods-Delivery.debug.xcconfig */,
				4113A0DC8BF48A821BA7A032 /* Pods-Delivery.release.xcconfig */,
				749334EF5117A796F29522D2 /* Pods-Delivery-DeliveryUITests.debug.xcconfig */,
				B78816B7D1BFAD557BAA56CC /* Pods-Delivery-DeliveryUITests.release.xcconfig */,
				3CFC851B87A859E686109FBA /* Pods-DeliveryTests.debug.xcconfig */,
				E41D9B3BB70B8EEED066A05F /* Pods-DeliveryTests.release.xcconfig */,
			);
			path = Pods;
			sourceTree = "<group>";
		};
		B852DE059BEF25722D8D53A0 /* Frameworks */ = {
			isa = PBXGroup;
			children = (
				2128CE257E83CB8A3E368F2B /* Pods_Delivery.framework */,
				CA5CBCA4039304F8D9C922FA /* Pods_Delivery_DeliveryUITests.framework */,
				809F9D71253D2A8D0B1E5034 /* Pods_DeliveryTests.framework */,
			);
			name = Frameworks;
			sourceTree = "<group>";
		};
/* End PBXGroup section */

/* Begin PBXNativeTarget section */
		1ADD2D0424B6B0460095F27B /* Delivery */ = {
			isa = PBXNativeTarget;
			buildConfigurationList = 1ADD2D2F24B6B0490095F27B /* Build configuration list for PBXNativeTarget "Delivery" */;
			buildPhases = (
				0880FA481490ECFA6B9D448D /* [CP] Check Pods Manifest.lock */,
				1ADD2D0124B6B0460095F27B /* Sources */,
				1ADD2D0224B6B0460095F27B /* Frameworks */,
				1ADD2D0324B6B0460095F27B /* Resources */,
				1EEA211D649A2CECDA8F5774 /* [CP] Embed Pods Frameworks */,
			);
			buildRules = (
			);
			dependencies = (
			);
			name = Delivery;
			productName = Delivery;
			productReference = 1ADD2D0524B6B0460095F27B /* Delivery.app */;
			productType = "com.apple.product-type.application";
		};
		1ADD2D1A24B6B0490095F27B /* DeliveryTests */ = {
			isa = PBXNativeTarget;
			buildConfigurationList = 1ADD2D3224B6B0490095F27B /* Build configuration list for PBXNativeTarget "DeliveryTests" */;
			buildPhases = (
				5CDDDA3C005D841E9A7FA51A /* [CP] Check Pods Manifest.lock */,
				1ADD2D1724B6B0490095F27B /* Sources */,
				1ADD2D1824B6B0490095F27B /* Frameworks */,
				1ADD2D1924B6B0490095F27B /* Resources */,
			);
			buildRules = (
			);
			dependencies = (
				1ADD2D1D24B6B0490095F27B /* PBXTargetDependency */,
			);
			name = DeliveryTests;
			productName = DeliveryTests;
			productReference = 1ADD2D1B24B6B0490095F27B /* DeliveryTests.xctest */;
			productType = "com.apple.product-type.bundle.unit-test";
		};
		1ADD2D2524B6B0490095F27B /* DeliveryUITests */ = {
			isa = PBXNativeTarget;
			buildConfigurationList = 1ADD2D3524B6B0490095F27B /* Build configuration list for PBXNativeTarget "DeliveryUITests" */;
			buildPhases = (
				1B84C53F9A1156124E488DCF /* [CP] Check Pods Manifest.lock */,
				1ADD2D2224B6B0490095F27B /* Sources */,
				1ADD2D2324B6B0490095F27B /* Frameworks */,
				1ADD2D2424B6B0490095F27B /* Resources */,
				1C335917D197974F5A452B4E /* [CP] Embed Pods Frameworks */,
			);
			buildRules = (
			);
			dependencies = (
				1ADD2D2824B6B0490095F27B /* PBXTargetDependency */,
			);
			name = DeliveryUITests;
			productName = DeliveryUITests;
			productReference = 1ADD2D2624B6B0490095F27B /* DeliveryUITests.xctest */;
			productType = "com.apple.product-type.bundle.ui-testing";
		};
/* End PBXNativeTarget section */

/* Begin PBXProject section */
		1ADD2CFD24B6B0460095F27B /* Project object */ = {
			isa = PBXProject;
			attributes = {
				LastSwiftUpdateCheck = 1150;
				LastUpgradeCheck = 1150;
				ORGANIZATIONNAME = alvis;
				TargetAttributes = {
					1ADD2D0424B6B0460095F27B = {
						CreatedOnToolsVersion = 11.5;
					};
					1ADD2D1A24B6B0490095F27B = {
						CreatedOnToolsVersion = 11.5;
						TestTargetID = 1ADD2D0424B6B0460095F27B;
					};
					1ADD2D2524B6B0490095F27B = {
						CreatedOnToolsVersion = 11.5;
						TestTargetID = 1ADD2D0424B6B0460095F27B;
					};
				};
			};
			buildConfigurationList = 1ADD2D0024B6B0460095F27B /* Build configuration list for PBXProject "Delivery" */;
			compatibilityVersion = "Xcode 9.3";
			developmentRegion = en;
			hasScannedForEncodings = 0;
			knownRegions = (
				en,
				Base,
			);
			mainGroup = 1ADD2CFC24B6B0460095F27B;
			productRefGroup = 1ADD2D0624B6B0460095F27B /* Products */;
			projectDirPath = "";
			projectRoot = "";
			targets = (
				1ADD2D0424B6B0460095F27B /* Delivery */,
				1ADD2D1A24B6B0490095F27B /* DeliveryTests */,
				1ADD2D2524B6B0490095F27B /* DeliveryUITests */,
			);
		};
/* End PBXProject section */

/* Begin PBXResourcesBuildPhase section */
		1ADD2D0324B6B0460095F27B /* Resources */ = {
			isa = PBXResourcesBuildPhase;
			buildActionMask = 2147483647;
			files = (
				1ADD2D1524B6B0490095F27B /* LaunchScreen.storyboard in Resources */,
				1ADD2D1224B6B0490095F27B /* Assets.xcassets in Resources */,
				1ADD2D1024B6B0460095F27B /* Main.storyboard in Resources */,
			);
			runOnlyForDeploymentPostprocessing = 0;
		};
		1ADD2D1924B6B0490095F27B /* Resources */ = {
			isa = PBXResourcesBuildPhase;
			buildActionMask = 2147483647;
			files = (
			);
			runOnlyForDeploymentPostprocessing = 0;
		};
		1ADD2D2424B6B0490095F27B /* Resources */ = {
			isa = PBXResourcesBuildPhase;
			buildActionMask = 2147483647;
			files = (
			);
			runOnlyForDeploymentPostprocessing = 0;
		};
/* End PBXResourcesBuildPhase section */

/* Begin PBXShellScriptBuildPhase section */
		0880FA481490ECFA6B9D448D /* [CP] Check Pods Manifest.lock */ = {
			isa = PBXShellScriptBuildPhase;
			buildActionMask = 2147483647;
			files = (
			);
			inputFileListPaths = (
			);
			inputPaths = (
				"${PODS_PODFILE_DIR_PATH}/Podfile.lock",
				"${PODS_ROOT}/Manifest.lock",
			);
			name = "[CP] Check Pods Manifest.lock";
			outputFileListPaths = (
			);
			outputPaths = (
				"$(DERIVED_FILE_DIR)/Pods-Delivery-checkManifestLockResult.txt",
			);
			runOnlyForDeploymentPostprocessing = 0;
			shellPath = /bin/sh;
			shellScript = "diff \"${PODS_PODFILE_DIR_PATH}/Podfile.lock\" \"${PODS_ROOT}/Manifest.lock\" > /dev/null\nif [ $? != 0 ] ; then\n    # print error to STDERR\n    echo \"error: The sandbox is not in sync with the Podfile.lock. Run 'pod install' or update your CocoaPods installation.\" >&2\n    exit 1\nfi\n# This output is used by Xcode 'outputs' to avoid re-running this script phase.\necho \"SUCCESS\" > \"${SCRIPT_OUTPUT_FILE_0}\"\n";
			showEnvVarsInLog = 0;
		};
		1B84C53F9A1156124E488DCF /* [CP] Check Pods Manifest.lock */ = {
			isa = PBXShellScriptBuildPhase;
			buildActionMask = 2147483647;
			files = (
			);
			inputFileListPaths = (
			);
			inputPaths = (
				"${PODS_PODFILE_DIR_PATH}/Podfile.lock",
				"${PODS_ROOT}/Manifest.lock",
			);
			name = "[CP] Check Pods Manifest.lock";
			outputFileListPaths = (
			);
			outputPaths = (
				"$(DERIVED_FILE_DIR)/Pods-Delivery-DeliveryUITests-checkManifestLockResult.txt",
			);
			runOnlyForDeploymentPostprocessing = 0;
			shellPath = /bin/sh;
			shellScript = "diff \"${PODS_PODFILE_DIR_PATH}/Podfile.lock\" \"${PODS_ROOT}/Manifest.lock\" > /dev/null\nif [ $? != 0 ] ; then\n    # print error to STDERR\n    echo \"error: The sandbox is not in sync with the Podfile.lock. Run 'pod install' or update your CocoaPods installation.\" >&2\n    exit 1\nfi\n# This output is used by Xcode 'outputs' to avoid re-running this script phase.\necho \"SUCCESS\" > \"${SCRIPT_OUTPUT_FILE_0}\"\n";
			showEnvVarsInLog = 0;
		};
		1C335917D197974F5A452B4E /* [CP] Embed Pods Frameworks */ = {
			isa = PBXShellScriptBuildPhase;
			buildActionMask = 2147483647;
			files = (
			);
			inputFileListPaths = (
				"${PODS_ROOT}/Target Support Files/Pods-Delivery-DeliveryUITests/Pods-Delivery-DeliveryUITests-frameworks-${CONFIGURATION}-input-files.xcfilelist",
			);
			name = "[CP] Embed Pods Frameworks";
			outputFileListPaths = (
				"${PODS_ROOT}/Target Support Files/Pods-Delivery-DeliveryUITests/Pods-Delivery-DeliveryUITests-frameworks-${CONFIGURATION}-output-files.xcfilelist",
			);
			runOnlyForDeploymentPostprocessing = 0;
			shellPath = /bin/sh;
			shellScript = "\"${PODS_ROOT}/Target Support Files/Pods-Delivery-DeliveryUITests/Pods-Delivery-DeliveryUITests-frameworks.sh\"\n";
			showEnvVarsInLog = 0;
		};
		1EEA211D649A2CECDA8F5774 /* [CP] Embed Pods Frameworks */ = {
			isa = PBXShellScriptBuildPhase;
			buildActionMask = 2147483647;
			files = (
			);
			inputFileListPaths = (
				"${PODS_ROOT}/Target Support Files/Pods-Delivery/Pods-Delivery-frameworks-${CONFIGURATION}-input-files.xcfilelist",
			);
			name = "[CP] Embed Pods Frameworks";
			outputFileListPaths = (
				"${PODS_ROOT}/Target Support Files/Pods-Delivery/Pods-Delivery-frameworks-${CONFIGURATION}-output-files.xcfilelist",
			);
			runOnlyForDeploymentPostprocessing = 0;
			shellPath = /bin/sh;
			shellScript = "\"${PODS_ROOT}/Target Support Files/Pods-Delivery/Pods-Delivery-frameworks.sh\"\n";
			showEnvVarsInLog = 0;
		};
		5CDDDA3C005D841E9A7FA51A /* [CP] Check Pods Manifest.lock */ = {
			isa = PBXShellScriptBuildPhase;
			buildActionMask = 2147483647;
			files = (
			);
			inputFileListPaths = (
			);
			inputPaths = (
				"${PODS_PODFILE_DIR_PATH}/Podfile.lock",
				"${PODS_ROOT}/Manifest.lock",
			);
			name = "[CP] Check Pods Manifest.lock";
			outputFileListPaths = (
			);
			outputPaths = (
				"$(DERIVED_FILE_DIR)/Pods-DeliveryTests-checkManifestLockResult.txt",
			);
			runOnlyForDeploymentPostprocessing = 0;
			shellPath = /bin/sh;
			shellScript = "diff \"${PODS_PODFILE_DIR_PATH}/Podfile.lock\" \"${PODS_ROOT}/Manifest.lock\" > /dev/null\nif [ $? != 0 ] ; then\n    # print error to STDERR\n    echo \"error: The sandbox is not in sync with the Podfile.lock. Run 'pod install' or update your CocoaPods installation.\" >&2\n    exit 1\nfi\n# This output is used by Xcode 'outputs' to avoid re-running this script phase.\necho \"SUCCESS\" > \"${SCRIPT_OUTPUT_FILE_0}\"\n";
			showEnvVarsInLog = 0;
		};
/* End PBXShellScriptBuildPhase section */

/* Begin PBXSourcesBuildPhase section */
		1ADD2D0124B6B0460095F27B /* Sources */ = {
			isa = PBXSourcesBuildPhase;
			buildActionMask = 2147483647;
			files = (
				1ADD2D3E24B6B9800095F27B /* Venue.swift in Sources */,
				1ADD2D4024B6C55B0095F27B /* VenueListController.swift in Sources */,
				1ADD2D4424B6C9050095F27B /* LocationManager.swift in Sources */,
				1ADD2D4924B6DD640095F27B /* VenueCell.swift in Sources */,
				1ADD2D0924B6B0460095F27B /* AppDelegate.swift in Sources */,
				1ADD2D4724B6D70D0095F27B /* VenueViewModel.swift in Sources */,
				1ADD2D4224B6C69E0095F27B /* VenueManager.swift in Sources */,
			);
			runOnlyForDeploymentPostprocessing = 0;
		};
		1ADD2D1724B6B0490095F27B /* Sources */ = {
			isa = PBXSourcesBuildPhase;
			buildActionMask = 2147483647;
			files = (
				1ADD2D2024B6B0490095F27B /* DeliveryTests.swift in Sources */,
			);
			runOnlyForDeploymentPostprocessing = 0;
		};
		1ADD2D2224B6B0490095F27B /* Sources */ = {
			isa = PBXSourcesBuildPhase;
			buildActionMask = 2147483647;
			files = (
				1ADD2D2B24B6B0490095F27B /* DeliveryUITests.swift in Sources */,
			);
			runOnlyForDeploymentPostprocessing = 0;
		};
/* End PBXSourcesBuildPhase section */

/* Begin PBXTargetDependency section */
		1ADD2D1D24B6B0490095F27B /* PBXTargetDependency */ = {
			isa = PBXTargetDependency;
			target = 1ADD2D0424B6B0460095F27B /* Delivery */;
			targetProxy = 1ADD2D1C24B6B0490095F27B /* PBXContainerItemProxy */;
		};
		1ADD2D2824B6B0490095F27B /* PBXTargetDependency */ = {
			isa = PBXTargetDependency;
			target = 1ADD2D0424B6B0460095F27B /* Delivery */;
			targetProxy = 1ADD2D2724B6B0490095F27B /* PBXContainerItemProxy */;
		};
/* End PBXTargetDependency section */

/* Begin PBXVariantGroup section */
		1ADD2D0E24B6B0460095F27B /* Main.storyboard */ = {
			isa = PBXVariantGroup;
			children = (
				1ADD2D0F24B6B0460095F27B /* Base */,
			);
			name = Main.storyboard;
			sourceTree = "<group>";
		};
		1ADD2D1324B6B0490095F27B /* LaunchScreen.storyboard */ = {
			isa = PBXVariantGroup;
			children = (
				1ADD2D1424B6B0490095F27B /* Base */,
			);
			name = LaunchScreen.storyboard;
			sourceTree = "<group>";
		};
/* End PBXVariantGroup section */

/* Begin XCBuildConfiguration section */
		1ADD2D2D24B6B0490095F27B /* Debug */ = {
			isa = XCBuildConfiguration;
			buildSettings = {
				ALWAYS_SEARCH_USER_PATHS = NO;
				CLANG_ANALYZER_NONNULL = YES;
				CLANG_ANALYZER_NUMBER_OBJECT_CONVERSION = YES_AGGRESSIVE;
				CLANG_CXX_LANGUAGE_STANDARD = "gnu++14";
				CLANG_CXX_LIBRARY = "libc++";
				CLANG_ENABLE_MODULES = YES;
				CLANG_ENABLE_OBJC_ARC = YES;
				CLANG_ENABLE_OBJC_WEAK = YES;
				CLANG_WARN_BLOCK_CAPTURE_AUTORELEASING = YES;
				CLANG_WARN_BOOL_CONVERSION = YES;
				CLANG_WARN_COMMA = YES;
				CLANG_WARN_CONSTANT_CONVERSION = YES;
				CLANG_WARN_DEPRECATED_OBJC_IMPLEMENTATIONS = YES;
				CLANG_WARN_DIRECT_OBJC_ISA_USAGE = YES_ERROR;
				CLANG_WARN_DOCUMENTATION_COMMENTS = YES;
				CLANG_WARN_EMPTY_BODY = YES;
				CLANG_WARN_ENUM_CONVERSION = YES;
				CLANG_WARN_INFINITE_RECURSION = YES;
				CLANG_WARN_INT_CONVERSION = YES;
				CLANG_WARN_NON_LITERAL_NULL_CONVERSION = YES;
				CLANG_WARN_OBJC_IMPLICIT_RETAIN_SELF = YES;
				CLANG_WARN_OBJC_LITERAL_CONVERSION = YES;
				CLANG_WARN_OBJC_ROOT_CLASS = YES_ERROR;
				CLANG_WARN_RANGE_LOOP_ANALYSIS = YES;
				CLANG_WARN_STRICT_PROTOTYPES = YES;
				CLANG_WARN_SUSPICIOUS_MOVE = YES;
				CLANG_WARN_UNGUARDED_AVAILABILITY = YES_AGGRESSIVE;
				CLANG_WARN_UNREACHABLE_CODE = YES;
				CLANG_WARN__DUPLICATE_METHOD_MATCH = YES;
				COPY_PHASE_STRIP = NO;
				DEBUG_INFORMATION_FORMAT = dwarf;
				ENABLE_STRICT_OBJC_MSGSEND = YES;
				ENABLE_TESTABILITY = YES;
				GCC_C_LANGUAGE_STANDARD = gnu11;
				GCC_DYNAMIC_NO_PIC = NO;
				GCC_NO_COMMON_BLOCKS = YES;
				GCC_OPTIMIZATION_LEVEL = 0;
				GCC_PREPROCESSOR_DEFINITIONS = (
					"DEBUG=1",
					"$(inherited)",
				);
				GCC_WARN_64_TO_32_BIT_CONVERSION = YES;
				GCC_WARN_ABOUT_RETURN_TYPE = YES_ERROR;
				GCC_WARN_UNDECLARED_SELECTOR = YES;
				GCC_WARN_UNINITIALIZED_AUTOS = YES_AGGRESSIVE;
				GCC_WARN_UNUSED_FUNCTION = YES;
				GCC_WARN_UNUSED_VARIABLE = YES;
				IPHONEOS_DEPLOYMENT_TARGET = 13.5;
				MTL_ENABLE_DEBUG_INFO = INCLUDE_SOURCE;
				MTL_FAST_MATH = YES;
				ONLY_ACTIVE_ARCH = YES;
				SDKROOT = iphoneos;
				SWIFT_ACTIVE_COMPILATION_CONDITIONS = DEBUG;
				SWIFT_OPTIMIZATION_LEVEL = "-Onone";
			};
			name = Debug;
		};
		1ADD2D2E24B6B0490095F27B /* Release */ = {
			isa = XCBuildConfiguration;
			buildSettings = {
				ALWAYS_SEARCH_USER_PATHS = NO;
				CLANG_ANALYZER_NONNULL = YES;
				CLANG_ANALYZER_NUMBER_OBJECT_CONVERSION = YES_AGGRESSIVE;
				CLANG_CXX_LANGUAGE_STANDARD = "gnu++14";
				CLANG_CXX_LIBRARY = "libc++";
				CLANG_ENABLE_MODULES = YES;
				CLANG_ENABLE_OBJC_ARC = YES;
				CLANG_ENABLE_OBJC_WEAK = YES;
				CLANG_WARN_BLOCK_CAPTURE_AUTORELEASING = YES;
				CLANG_WARN_BOOL_CONVERSION = YES;
				CLANG_WARN_COMMA = YES;
				CLANG_WARN_CONSTANT_CONVERSION = YES;
				CLANG_WARN_DEPRECATED_OBJC_IMPLEMENTATIONS = YES;
				CLANG_WARN_DIRECT_OBJC_ISA_USAGE = YES_ERROR;
				CLANG_WARN_DOCUMENTATION_COMMENTS = YES;
				CLANG_WARN_EMPTY_BODY = YES;
				CLANG_WARN_ENUM_CONVERSION = YES;
				CLANG_WARN_INFINITE_RECURSION = YES;
				CLANG_WARN_INT_CONVERSION = YES;
				CLANG_WARN_NON_LITERAL_NULL_CONVERSION = YES;
				CLANG_WARN_OBJC_IMPLICIT_RETAIN_SELF = YES;
				CLANG_WARN_OBJC_LITERAL_CONVERSION = YES;
				CLANG_WARN_OBJC_ROOT_CLASS = YES_ERROR;
				CLANG_WARN_RANGE_LOOP_ANALYSIS = YES;
				CLANG_WARN_STRICT_PROTOTYPES = YES;
				CLANG_WARN_SUSPICIOUS_MOVE = YES;
				CLANG_WARN_UNGUARDED_AVAILABILITY = YES_AGGRESSIVE;
				CLANG_WARN_UNREACHABLE_CODE = YES;
				CLANG_WARN__DUPLICATE_METHOD_MATCH = YES;
				COPY_PHASE_STRIP = NO;
				DEBUG_INFORMATION_FORMAT = "dwarf-with-dsym";
				ENABLE_NS_ASSERTIONS = NO;
				ENABLE_STRICT_OBJC_MSGSEND = YES;
				GCC_C_LANGUAGE_STANDARD = gnu11;
				GCC_NO_COMMON_BLOCKS = YES;
				GCC_WARN_64_TO_32_BIT_CONVERSION = YES;
				GCC_WARN_ABOUT_RETURN_TYPE = YES_ERROR;
				GCC_WARN_UNDECLARED_SELECTOR = YES;
				GCC_WARN_UNINITIALIZED_AUTOS = YES_AGGRESSIVE;
				GCC_WARN_UNUSED_FUNCTION = YES;
				GCC_WARN_UNUSED_VARIABLE = YES;
				IPHONEOS_DEPLOYMENT_TARGET = 13.5;
				MTL_ENABLE_DEBUG_INFO = NO;
				MTL_FAST_MATH = YES;
				SDKROOT = iphoneos;
				SWIFT_COMPILATION_MODE = wholemodule;
				SWIFT_OPTIMIZATION_LEVEL = "-O";
				VALIDATE_PRODUCT = YES;
			};
			name = Release;
		};
		1ADD2D3024B6B0490095F27B /* Debug */ = {
			isa = XCBuildConfiguration;
			baseConfigurationReference = 5DCF2843B59A1D6FCA248BEC /* Pods-Delivery.debug.xcconfig */;
			buildSettings = {
				ASSETCATALOG_COMPILER_APPICON_NAME = AppIcon;
				CODE_SIGN_STYLE = Automatic;
				DEVELOPMENT_TEAM = HW9ST7AR42;
				INFOPLIST_FILE = Delivery/Info.plist;
				IPHONEOS_DEPLOYMENT_TARGET = 11.0;
				LD_RUNPATH_SEARCH_PATHS = (
					"$(inherited)",
					"@executable_path/Frameworks",
				);
				PRODUCT_BUNDLE_IDENTIFIER = com.alvis.Delivery;
				PRODUCT_NAME = "$(TARGET_NAME)";
				SWIFT_VERSION = 5.0;
				TARGETED_DEVICE_FAMILY = "1,2";
			};
			name = Debug;
		};
		1ADD2D3124B6B0490095F27B /* Release */ = {
			isa = XCBuildConfiguration;
			baseConfigurationReference = 4113A0DC8BF48A821BA7A032 /* Pods-Delivery.release.xcconfig */;
			buildSettings = {
				ASSETCATALOG_COMPILER_APPICON_NAME = AppIcon;
				CODE_SIGN_STYLE = Automatic;
				DEVELOPMENT_TEAM = HW9ST7AR42;
				INFOPLIST_FILE = Delivery/Info.plist;
				IPHONEOS_DEPLOYMENT_TARGET = 11.0;
				LD_RUNPATH_SEARCH_PATHS = (
					"$(inherited)",
					"@executable_path/Frameworks",
				);
				PRODUCT_BUNDLE_IDENTIFIER = com.alvis.Delivery;
				PRODUCT_NAME = "$(TARGET_NAME)";
				SWIFT_VERSION = 5.0;
				TARGETED_DEVICE_FAMILY = "1,2";
			};
			name = Release;
		};
		1ADD2D3324B6B0490095F27B /* Debug */ = {
			isa = XCBuildConfiguration;
			baseConfigurationReference = 3CFC851B87A859E686109FBA /* Pods-DeliveryTests.debug.xcconfig */;
			buildSettings = {
				ALWAYS_EMBED_SWIFT_STANDARD_LIBRARIES = YES;
				BUNDLE_LOADER = "$(TEST_HOST)";
				CODE_SIGN_STYLE = Automatic;
				DEVELOPMENT_TEAM = HW9ST7AR42;
				INFOPLIST_FILE = DeliveryTests/Info.plist;
				IPHONEOS_DEPLOYMENT_TARGET = 13.5;
				LD_RUNPATH_SEARCH_PATHS = (
					"$(inherited)",
					"@executable_path/Frameworks",
					"@loader_path/Frameworks",
				);
				PRODUCT_BUNDLE_IDENTIFIER = com.alvis.DeliveryTests;
				PRODUCT_NAME = "$(TARGET_NAME)";
				SWIFT_VERSION = 5.0;
				TARGETED_DEVICE_FAMILY = "1,2";
				TEST_HOST = "$(BUILT_PRODUCTS_DIR)/Delivery.app/Delivery";
			};
			name = Debug;
		};
		1ADD2D3424B6B0490095F27B /* Release */ = {
			isa = XCBuildConfiguration;
			baseConfigurationReference = E41D9B3BB70B8EEED066A05F /* Pods-DeliveryTests.release.xcconfig */;
			buildSettings = {
				ALWAYS_EMBED_SWIFT_STANDARD_LIBRARIES = YES;
				BUNDLE_LOADER = "$(TEST_HOST)";
				CODE_SIGN_STYLE = Automatic;
				DEVELOPMENT_TEAM = HW9ST7AR42;
				INFOPLIST_FILE = DeliveryTests/Info.plist;
				IPHONEOS_DEPLOYMENT_TARGET = 13.5;
				LD_RUNPATH_SEARCH_PATHS = (
					"$(inherited)",
					"@executable_path/Frameworks",
					"@loader_path/Frameworks",
				);
				PRODUCT_BUNDLE_IDENTIFIER = com.alvis.DeliveryTests;
				PRODUCT_NAME = "$(TARGET_NAME)";
				SWIFT_VERSION = 5.0;
				TARGETED_DEVICE_FAMILY = "1,2";
				TEST_HOST = "$(BUILT_PRODUCTS_DIR)/Delivery.app/Delivery";
			};
			name = Release;
		};
		1ADD2D3624B6B0490095F27B /* Debug */ = {
			isa = XCBuildConfiguration;
			baseConfigurationReference = 749334EF5117A796F29522D2 /* Pods-Delivery-DeliveryUITests.debug.xcconfig */;
			buildSettings = {
				ALWAYS_EMBED_SWIFT_STANDARD_LIBRARIES = YES;
				CODE_SIGN_STYLE = Automatic;
				DEVELOPMENT_TEAM = HW9ST7AR42;
				INFOPLIST_FILE = DeliveryUITests/Info.plist;
				LD_RUNPATH_SEARCH_PATHS = (
					"$(inherited)",
					"@executable_path/Frameworks",
					"@loader_path/Frameworks",
				);
				PRODUCT_BUNDLE_IDENTIFIER = com.alvis.DeliveryUITests;
				PRODUCT_NAME = "$(TARGET_NAME)";
				SWIFT_VERSION = 5.0;
				TARGETED_DEVICE_FAMILY = "1,2";
				TEST_TARGET_NAME = Delivery;
			};
			name = Debug;
		};
		1ADD2D3724B6B0490095F27B /* Release */ = {
			isa = XCBuildConfiguration;
			baseConfigurationReference = B78816B7D1BFAD557BAA56CC /* Pods-Delivery-DeliveryUITests.release.xcconfig */;
			buildSettings = {
				ALWAYS_EMBED_SWIFT_STANDARD_LIBRARIES = YES;
				CODE_SIGN_STYLE = Automatic;
				DEVELOPMENT_TEAM = HW9ST7AR42;
				INFOPLIST_FILE = DeliveryUITests/Info.plist;
				LD_RUNPATH_SEARCH_PATHS = (
					"$(inherited)",
					"@executable_path/Frameworks",
					"@loader_path/Frameworks",
				);
				PRODUCT_BUNDLE_IDENTIFIER = com.alvis.DeliveryUITests;
				PRODUCT_NAME = "$(TARGET_NAME)";
				SWIFT_VERSION = 5.0;
				TARGETED_DEVICE_FAMILY = "1,2";
				TEST_TARGET_NAME = Delivery;
			};
			name = Release;
		};
/* End XCBuildConfiguration section */

/* Begin XCConfigurationList section */
		1ADD2D0024B6B0460095F27B /* Build configuration list for PBXProject "Delivery" */ = {
			isa = XCConfigurationList;
			buildConfigurations = (
				1ADD2D2D24B6B0490095F27B /* Debug */,
				1ADD2D2E24B6B0490095F27B /* Release */,
			);
			defaultConfigurationIsVisible = 0;
			defaultConfigurationName = Release;
		};
		1ADD2D2F24B6B0490095F27B /* Build configuration list for PBXNativeTarget "Delivery" */ = {
			isa = XCConfigurationList;
			buildConfigurations = (
				1ADD2D3024B6B0490095F27B /* Debug */,
				1ADD2D3124B6B0490095F27B /* Release */,
			);
			defaultConfigurationIsVisible = 0;
			defaultConfigurationName = Release;
		};
		1ADD2D3224B6B0490095F27B /* Build configuration list for PBXNativeTarget "DeliveryTests" */ = {
			isa = XCConfigurationList;
			buildConfigurations = (
				1ADD2D3324B6B0490095F27B /* Debug */,
				1ADD2D3424B6B0490095F27B /* Release */,
			);
			defaultConfigurationIsVisible = 0;
			defaultConfigurationName = Release;
		};
		1ADD2D3524B6B0490095F27B /* Build configuration list for PBXNativeTarget "DeliveryUITests" */ = {
			isa = XCConfigurationList;
			buildConfigurations = (
				1ADD2D3624B6B0490095F27B /* Debug */,
				1ADD2D3724B6B0490095F27B /* Release */,
			);
			defaultConfigurationIsVisible = 0;
			defaultConfigurationName = Release;
		};
/* End XCConfigurationList section */
	};
	rootObject = 1ADD2CFD24B6B0460095F27B /* Project object */;
}
